// !$*UTF8*$!
{
	archiveVersion = 1;
	classes = {
	};
	objectVersion = 45;
	objects = {

/* Begin PBXBuildFile section */
		227B48C3154E1B200062C139 /* Level.cpp in Sources */ = {isa = PBXBuildFile; fileRef = 227B48C2154E1B200062C139 /* Level.cpp */; };
		227B48D1154E1D0E0062C139 /* OniInstance.cpp in Sources */ = {isa = PBXBuildFile; fileRef = 227B48D0154E1D0E0062C139 /* OniInstance.cpp */; };
		227B48D4154E1D1C0062C139 /* OniName.cpp in Sources */ = {isa = PBXBuildFile; fileRef = 227B48D3154E1D1C0062C139 /* OniName.cpp */; };
		227B48D7154E1D260062C139 /* OniTemplate.cpp in Sources */ = {isa = PBXBuildFile; fileRef = 227B48D6154E1D260062C139 /* OniTemplate.cpp */; };
		227B4A52154EE55E0062C139 /* OniTag.cpp in Sources */ = {isa = PBXBuildFile; fileRef = 227B4A51154EE55E0062C139 /* OniTag.cpp */; };
		227B502515508DF10062C139 /* ABNA.cpp in Sources */ = {isa = PBXBuildFile; fileRef = 227B502415508DF10062C139 /* ABNA.cpp */; };
		227B502815508E060062C139 /* OniTM.cpp in Sources */ = {isa = PBXBuildFile; fileRef = 227B502715508E060062C139 /* OniTM.cpp */; };
		227B5055155090CD0062C139 /* AGQC.cpp in Sources */ = {isa = PBXBuildFile; fileRef = 227B5054155090CD0062C139 /* AGQC.cpp */; };
		227B5060155094720062C139 /* AGQG.cpp in Sources */ = {isa = PBXBuildFile; fileRef = 227B505F155094720062C139 /* AGQG.cpp */; };
		227B506D155096160062C139 /* AGQR.cpp in Sources */ = {isa = PBXBuildFile; fileRef = 227B506C155096160062C139 /* AGQR.cpp */; };
		227B50731550979C0062C139 /* AISA.cpp in Sources */ = {isa = PBXBuildFile; fileRef = 227B50721550979C0062C139 /* AISA.cpp */; };
		227B50791550A23A0062C139 /* AKAA.cpp in Sources */ = {isa = PBXBuildFile; fileRef = 227B50781550A23A0062C139 /* AKAA.cpp */; };
		227B507E1550A2E40062C139 /* AKBA.cpp in Sources */ = {isa = PBXBuildFile; fileRef = 227B507D1550A2E40062C139 /* AKBA.cpp */; };
		227B50821550A7B10062C139 /* AKBP.cpp in Sources */ = {isa = PBXBuildFile; fileRef = 227B50811550A7B10062C139 /* AKBP.cpp */; };
		227B50861550A8250062C139 /* AKEV.cpp in Sources */ = {isa = PBXBuildFile; fileRef = 227B50851550A8250062C139 /* AKEV.cpp */; };
		227B508C1550A9360062C139 /* AKOT.cpp in Sources */ = {isa = PBXBuildFile; fileRef = 227B508B1550A9360062C139 /* AKOT.cpp */; };
		227B50921550AA760062C139 /* AKVA.cpp in Sources */ = {isa = PBXBuildFile; fileRef = 227B50911550AA760062C139 /* AKVA.cpp */; };
		227B50961550AD610062C139 /* BINA.cpp in Sources */ = {isa = PBXBuildFile; fileRef = 227B50951550AD610062C139 /* BINA.cpp */; };
		227B509A1550ADDF0062C139 /* CBPI.cpp in Sources */ = {isa = PBXBuildFile; fileRef = 227B50991550ADDF0062C139 /* CBPI.cpp */; };
		227B50A71550AED00062C139 /* CBPM.cpp in Sources */ = {isa = PBXBuildFile; fileRef = 227B50A61550AED00062C139 /* CBPM.cpp */; };
		227B50AE1550AFBC0062C139 /* CONS.cpp in Sources */ = {isa = PBXBuildFile; fileRef = 227B50AD1550AFBC0062C139 /* CONS.cpp */; };
		227B50B81550B13D0062C139 /* CRSA.cpp in Sources */ = {isa = PBXBuildFile; fileRef = 227B50B71550B13D0062C139 /* CRSA.cpp */; };
		227B50BE1550B2EE0062C139 /* DOOR.cpp in Sources */ = {isa = PBXBuildFile; fileRef = 227B50BD1550B2EE0062C139 /* DOOR.cpp */; };
		227B50C21550B3AE0062C139 /* DPge.cpp in Sources */ = {isa = PBXBuildFile; fileRef = 227B50C11550B3AE0062C139 /* DPge.cpp */; };
		227B50C91550B4520062C139 /* ENVP.cpp in Sources */ = {isa = PBXBuildFile; fileRef = 227B50C81550B4520062C139 /* ENVP.cpp */; };
		227B50CF1550B5730062C139 /* FILM.cpp in Sources */ = {isa = PBXBuildFile; fileRef = 227B50CE1550B5730062C139 /* FILM.cpp */; };
		227B50D51550B6650062C139 /* HPge.cpp in Sources */ = {isa = PBXBuildFile; fileRef = 227B50D41550B6650062C139 /* HPge.cpp */; };
		227B50E51550BF8C0062C139 /* IGHH.cpp in Sources */ = {isa = PBXBuildFile; fileRef = 227B50E41550BF8C0062C139 /* IGHH.cpp */; };
		227B50E91550C1400062C139 /* Impt.cpp in Sources */ = {isa = PBXBuildFile; fileRef = 227B50E81550C1400062C139 /* Impt.cpp */; };
		227B50F51550C4C00062C139 /* IGPA.cpp in Sources */ = {isa = PBXBuildFile; fileRef = 227B50F41550C4C00062C139 /* IGPA.cpp */; };
		227B50FB1550C5320062C139 /* IGPG.cpp in Sources */ = {isa = PBXBuildFile; fileRef = 227B50FA1550C5320062C139 /* IGPG.cpp */; };
		227B51011550C6560062C139 /* IGSA.cpp in Sources */ = {isa = PBXBuildFile; fileRef = 227B51001550C6560062C139 /* IGSA.cpp */; };
		227B51071550C7F40062C139 /* IGSt.cpp in Sources */ = {isa = PBXBuildFile; fileRef = 227B51061550C7F40062C139 /* IGSt.cpp */; };
		227B510F1550C8EA0062C139 /* IPge.cpp in Sources */ = {isa = PBXBuildFile; fileRef = 227B510E1550C8EA0062C139 /* IPge.cpp */; };
		227B51151550CA9F0062C139 /* Keyl.cpp in Sources */ = {isa = PBXBuildFile; fileRef = 227B51141550CA9F0062C139 /* Keyl.cpp */; };
		227B511B1550CBF80062C139 /* M3GA.cpp in Sources */ = {isa = PBXBuildFile; fileRef = 227B511A1550CBF80062C139 /* M3GA.cpp */; };
		227B51211550CCA70062C139 /* M3GM.cpp in Sources */ = {isa = PBXBuildFile; fileRef = 227B51201550CCA70062C139 /* M3GM.cpp */; };
		227B51271550CD3F0062C139 /* Mtrl.cpp in Sources */ = {isa = PBXBuildFile; fileRef = 227B51261550CD3F0062C139 /* Mtrl.cpp */; };
		8DD76F650486A84900D96B5E /* main.cpp in Sources */ = {isa = PBXBuildFile; fileRef = 08FB7796FE84155DC02AAC07 /* main.cpp */; settings = {ATTRIBUTES = (); }; };
		8DD76F6A0486A84900D96B5E /* OniLevelTool.1 in CopyFiles */ = {isa = PBXBuildFile; fileRef = C6859E8B029090EE04C91782 /* OniLevelTool.1 */; };
/* End PBXBuildFile section */

/* Begin PBXCopyFilesBuildPhase section */
		8DD76F690486A84900D96B5E /* CopyFiles */ = {
			isa = PBXCopyFilesBuildPhase;
			buildActionMask = 8;
			dstPath = /usr/share/man/man1/;
			dstSubfolderSpec = 0;
			files = (
				8DD76F6A0486A84900D96B5E /* OniLevelTool.1 in CopyFiles */,
			);
			runOnlyForDeploymentPostprocessing = 1;
		};
/* End PBXCopyFilesBuildPhase section */

/* Begin PBXFileReference section */
		08FB7796FE84155DC02AAC07 /* main.cpp */ = {isa = PBXFileReference; fileEncoding = 4; lastKnownFileType = sourcecode.cpp.cpp; path = main.cpp; sourceTree = "<group>"; };
		227B48C1154E1B200062C139 /* Level.h */ = {isa = PBXFileReference; fileEncoding = 4; lastKnownFileType = sourcecode.c.h; name = Level.h; path = Oni/Level/Level.h; sourceTree = "<group>"; };
		227B48C2154E1B200062C139 /* Level.cpp */ = {isa = PBXFileReference; fileEncoding = 4; lastKnownFileType = sourcecode.cpp.cpp; name = Level.cpp; path = Oni/Level/Level.cpp; sourceTree = "<group>"; };
		227B48CF154E1D0E0062C139 /* OniInstance.h */ = {isa = PBXFileReference; fileEncoding = 4; lastKnownFileType = sourcecode.c.h; name = OniInstance.h; path = Oni/Level/OniInstance.h; sourceTree = "<group>"; };
		227B48D0154E1D0E0062C139 /* OniInstance.cpp */ = {isa = PBXFileReference; fileEncoding = 4; lastKnownFileType = sourcecode.cpp.cpp; name = OniInstance.cpp; path = Oni/Level/OniInstance.cpp; sourceTree = "<group>"; };
		227B48D2154E1D1C0062C139 /* OniName.h */ = {isa = PBXFileReference; fileEncoding = 4; lastKnownFileType = sourcecode.c.h; name = OniName.h; path = Oni/Level/OniName.h; sourceTree = "<group>"; };
		227B48D3154E1D1C0062C139 /* OniName.cpp */ = {isa = PBXFileReference; fileEncoding = 4; lastKnownFileType = sourcecode.cpp.cpp; name = OniName.cpp; path = Oni/Level/OniName.cpp; sourceTree = "<group>"; };
		227B48D5154E1D260062C139 /* OniTemplate.h */ = {isa = PBXFileReference; fileEncoding = 4; lastKnownFileType = sourcecode.c.h; name = OniTemplate.h; path = Oni/Level/OniTemplate.h; sourceTree = "<group>"; };
		227B48D6154E1D260062C139 /* OniTemplate.cpp */ = {isa = PBXFileReference; fileEncoding = 4; lastKnownFileType = sourcecode.cpp.cpp; name = OniTemplate.cpp; path = Oni/Level/OniTemplate.cpp; sourceTree = "<group>"; };
		227B48E8154E1DC10062C139 /* headers.h */ = {isa = PBXFileReference; fileEncoding = 4; lastKnownFileType = sourcecode.c.h; path = headers.h; sourceTree = "<group>"; };
		227B4A50154EE55E0062C139 /* OniTag.h */ = {isa = PBXFileReference; fileEncoding = 4; lastKnownFileType = sourcecode.c.h; name = OniTag.h; path = Oni/Components/OniTag.h; sourceTree = "<group>"; };
		227B4A51154EE55E0062C139 /* OniTag.cpp */ = {isa = PBXFileReference; fileEncoding = 4; lastKnownFileType = sourcecode.cpp.cpp; name = OniTag.cpp; path = Oni/Components/OniTag.cpp; sourceTree = "<group>"; };
		227B502315508DF10062C139 /* ABNA.h */ = {isa = PBXFileReference; fileEncoding = 4; lastKnownFileType = sourcecode.c.h; path = ABNA.h; sourceTree = "<group>"; };
		227B502415508DF10062C139 /* ABNA.cpp */ = {isa = PBXFileReference; fileEncoding = 4; lastKnownFileType = sourcecode.cpp.cpp; path = ABNA.cpp; sourceTree = "<group>"; };
		227B502615508E060062C139 /* OniTM.h */ = {isa = PBXFileReference; fileEncoding = 4; lastKnownFileType = sourcecode.c.h; path = OniTM.h; sourceTree = "<group>"; };
		227B502715508E060062C139 /* OniTM.cpp */ = {isa = PBXFileReference; fileEncoding = 4; lastKnownFileType = sourcecode.cpp.cpp; path = OniTM.cpp; sourceTree = "<group>"; };
		227B5053155090CD0062C139 /* AGQC.h */ = {isa = PBXFileReference; fileEncoding = 4; lastKnownFileType = sourcecode.c.h; path = AGQC.h; sourceTree = "<group>"; };
		227B5054155090CD0062C139 /* AGQC.cpp */ = {isa = PBXFileReference; fileEncoding = 4; lastKnownFileType = sourcecode.cpp.cpp; path = AGQC.cpp; sourceTree = "<group>"; };
		227B505E155094720062C139 /* AGQG.h */ = {isa = PBXFileReference; fileEncoding = 4; lastKnownFileType = sourcecode.c.h; path = AGQG.h; sourceTree = "<group>"; };
		227B505F155094720062C139 /* AGQG.cpp */ = {isa = PBXFileReference; fileEncoding = 4; lastKnownFileType = sourcecode.cpp.cpp; path = AGQG.cpp; sourceTree = "<group>"; };
		227B506B155096160062C139 /* AGQR.h */ = {isa = PBXFileReference; fileEncoding = 4; lastKnownFileType = sourcecode.c.h; path = AGQR.h; sourceTree = "<group>"; };
		227B506C155096160062C139 /* AGQR.cpp */ = {isa = PBXFileReference; fileEncoding = 4; lastKnownFileType = sourcecode.cpp.cpp; path = AGQR.cpp; sourceTree = "<group>"; };
		227B50711550979C0062C139 /* AISA.h */ = {isa = PBXFileReference; fileEncoding = 4; lastKnownFileType = sourcecode.c.h; path = AISA.h; sourceTree = "<group>"; };
		227B50721550979C0062C139 /* AISA.cpp */ = {isa = PBXFileReference; fileEncoding = 4; lastKnownFileType = sourcecode.cpp.cpp; path = AISA.cpp; sourceTree = "<group>"; };
		227B50771550A23A0062C139 /* AKAA.h */ = {isa = PBXFileReference; fileEncoding = 4; lastKnownFileType = sourcecode.c.h; path = AKAA.h; sourceTree = "<group>"; };
		227B50781550A23A0062C139 /* AKAA.cpp */ = {isa = PBXFileReference; fileEncoding = 4; lastKnownFileType = sourcecode.cpp.cpp; path = AKAA.cpp; sourceTree = "<group>"; };
		227B507C1550A2E40062C139 /* AKBA.h */ = {isa = PBXFileReference; fileEncoding = 4; lastKnownFileType = sourcecode.c.h; path = AKBA.h; sourceTree = "<group>"; };
		227B507D1550A2E40062C139 /* AKBA.cpp */ = {isa = PBXFileReference; fileEncoding = 4; lastKnownFileType = sourcecode.cpp.cpp; path = AKBA.cpp; sourceTree = "<group>"; };
		227B50801550A7B10062C139 /* AKBP.h */ = {isa = PBXFileReference; fileEncoding = 4; lastKnownFileType = sourcecode.c.h; path = AKBP.h; sourceTree = "<group>"; };
		227B50811550A7B10062C139 /* AKBP.cpp */ = {isa = PBXFileReference; fileEncoding = 4; lastKnownFileType = sourcecode.cpp.cpp; path = AKBP.cpp; sourceTree = "<group>"; };
		227B50841550A8250062C139 /* AKEV.h */ = {isa = PBXFileReference; fileEncoding = 4; lastKnownFileType = sourcecode.c.h; path = AKEV.h; sourceTree = "<group>"; };
		227B50851550A8250062C139 /* AKEV.cpp */ = {isa = PBXFileReference; fileEncoding = 4; lastKnownFileType = sourcecode.cpp.cpp; path = AKEV.cpp; sourceTree = "<group>"; };
		227B508A1550A9360062C139 /* AKOT.h */ = {isa = PBXFileReference; fileEncoding = 4; lastKnownFileType = sourcecode.c.h; path = AKOT.h; sourceTree = "<group>"; };
		227B508B1550A9360062C139 /* AKOT.cpp */ = {isa = PBXFileReference; fileEncoding = 4; lastKnownFileType = sourcecode.cpp.cpp; path = AKOT.cpp; sourceTree = "<group>"; };
		227B50901550AA760062C139 /* AKVA.h */ = {isa = PBXFileReference; fileEncoding = 4; lastKnownFileType = sourcecode.c.h; path = AKVA.h; sourceTree = "<group>"; };
		227B50911550AA760062C139 /* AKVA.cpp */ = {isa = PBXFileReference; fileEncoding = 4; lastKnownFileType = sourcecode.cpp.cpp; path = AKVA.cpp; sourceTree = "<group>"; };
		227B50941550AD610062C139 /* BINA.h */ = {isa = PBXFileReference; fileEncoding = 4; lastKnownFileType = sourcecode.c.h; path = BINA.h; sourceTree = "<group>"; };
		227B50951550AD610062C139 /* BINA.cpp */ = {isa = PBXFileReference; fileEncoding = 4; lastKnownFileType = sourcecode.cpp.cpp; path = BINA.cpp; sourceTree = "<group>"; };
		227B50981550ADDF0062C139 /* CBPI.h */ = {isa = PBXFileReference; fileEncoding = 4; lastKnownFileType = sourcecode.c.h; path = CBPI.h; sourceTree = "<group>"; };
		227B50991550ADDF0062C139 /* CBPI.cpp */ = {isa = PBXFileReference; fileEncoding = 4; lastKnownFileType = sourcecode.cpp.cpp; path = CBPI.cpp; sourceTree = "<group>"; };
		227B50A51550AED00062C139 /* CBPM.h */ = {isa = PBXFileReference; fileEncoding = 4; lastKnownFileType = sourcecode.c.h; path = CBPM.h; sourceTree = "<group>"; };
		227B50A61550AED00062C139 /* CBPM.cpp */ = {isa = PBXFileReference; fileEncoding = 4; lastKnownFileType = sourcecode.cpp.cpp; path = CBPM.cpp; sourceTree = "<group>"; };
		227B50AC1550AFBC0062C139 /* CONS.h */ = {isa = PBXFileReference; fileEncoding = 4; lastKnownFileType = sourcecode.c.h; path = CONS.h; sourceTree = "<group>"; };
		227B50AD1550AFBC0062C139 /* CONS.cpp */ = {isa = PBXFileReference; fileEncoding = 4; lastKnownFileType = sourcecode.cpp.cpp; path = CONS.cpp; sourceTree = "<group>"; };
		227B50B61550B13D0062C139 /* CRSA.h */ = {isa = PBXFileReference; fileEncoding = 4; lastKnownFileType = sourcecode.c.h; path = CRSA.h; sourceTree = "<group>"; };
		227B50B71550B13D0062C139 /* CRSA.cpp */ = {isa = PBXFileReference; fileEncoding = 4; lastKnownFileType = sourcecode.cpp.cpp; path = CRSA.cpp; sourceTree = "<group>"; };
		227B50BC1550B2EE0062C139 /* DOOR.h */ = {isa = PBXFileReference; fileEncoding = 4; lastKnownFileType = sourcecode.c.h; path = DOOR.h; sourceTree = "<group>"; };
		227B50BD1550B2EE0062C139 /* DOOR.cpp */ = {isa = PBXFileReference; fileEncoding = 4; lastKnownFileType = sourcecode.cpp.cpp; path = DOOR.cpp; sourceTree = "<group>"; };
		227B50C01550B3AE0062C139 /* DPge.h */ = {isa = PBXFileReference; fileEncoding = 4; lastKnownFileType = sourcecode.c.h; path = DPge.h; sourceTree = "<group>"; };
		227B50C11550B3AE0062C139 /* DPge.cpp */ = {isa = PBXFileReference; fileEncoding = 4; lastKnownFileType = sourcecode.cpp.cpp; path = DPge.cpp; sourceTree = "<group>"; };
		227B50C71550B4520062C139 /* ENVP.h */ = {isa = PBXFileReference; fileEncoding = 4; lastKnownFileType = sourcecode.c.h; path = ENVP.h; sourceTree = "<group>"; };
		227B50C81550B4520062C139 /* ENVP.cpp */ = {isa = PBXFileReference; fileEncoding = 4; lastKnownFileType = sourcecode.cpp.cpp; path = ENVP.cpp; sourceTree = "<group>"; };
		227B50CD1550B5730062C139 /* FILM.h */ = {isa = PBXFileReference; fileEncoding = 4; lastKnownFileType = sourcecode.c.h; path = FILM.h; sourceTree = "<group>"; };
		227B50CE1550B5730062C139 /* FILM.cpp */ = {isa = PBXFileReference; fileEncoding = 4; lastKnownFileType = sourcecode.cpp.cpp; path = FILM.cpp; sourceTree = "<group>"; };
		227B50D31550B6650062C139 /* HPge.h */ = {isa = PBXFileReference; fileEncoding = 4; lastKnownFileType = sourcecode.c.h; path = HPge.h; sourceTree = "<group>"; };
		227B50D41550B6650062C139 /* HPge.cpp */ = {isa = PBXFileReference; fileEncoding = 4; lastKnownFileType = sourcecode.cpp.cpp; path = HPge.cpp; sourceTree = "<group>"; };
		227B50DA1550B7540062C139 /* Tags.h */ = {isa = PBXFileReference; fileEncoding = 4; lastKnownFileType = sourcecode.c.h; path = Tags.h; sourceTree = "<group>"; };
		227B50E31550BF8C0062C139 /* IGHH.h */ = {isa = PBXFileReference; fileEncoding = 4; lastKnownFileType = sourcecode.c.h; path = IGHH.h; sourceTree = "<group>"; };
		227B50E41550BF8C0062C139 /* IGHH.cpp */ = {isa = PBXFileReference; fileEncoding = 4; lastKnownFileType = sourcecode.cpp.cpp; path = IGHH.cpp; sourceTree = "<group>"; };
		227B50E71550C1400062C139 /* Impt.h */ = {isa = PBXFileReference; fileEncoding = 4; lastKnownFileType = sourcecode.c.h; path = Impt.h; sourceTree = "<group>"; };
		227B50E81550C1400062C139 /* Impt.cpp */ = {isa = PBXFileReference; fileEncoding = 4; lastKnownFileType = sourcecode.cpp.cpp; path = Impt.cpp; sourceTree = "<group>"; };
		227B50F31550C4C00062C139 /* IGPA.h */ = {isa = PBXFileReference; fileEncoding = 4; lastKnownFileType = sourcecode.c.h; path = IGPA.h; sourceTree = "<group>"; };
		227B50F41550C4C00062C139 /* IGPA.cpp */ = {isa = PBXFileReference; fileEncoding = 4; lastKnownFileType = sourcecode.cpp.cpp; path = IGPA.cpp; sourceTree = "<group>"; };
		227B50F91550C5320062C139 /* IGPG.h */ = {isa = PBXFileReference; fileEncoding = 4; lastKnownFileType = sourcecode.c.h; path = IGPG.h; sourceTree = "<group>"; };
		227B50FA1550C5320062C139 /* IGPG.cpp */ = {isa = PBXFileReference; fileEncoding = 4; lastKnownFileType = sourcecode.cpp.cpp; path = IGPG.cpp; sourceTree = "<group>"; };
		227B50FF1550C6560062C139 /* IGSA.h */ = {isa = PBXFileReference; fileEncoding = 4; lastKnownFileType = sourcecode.c.h; path = IGSA.h; sourceTree = "<group>"; };
		227B51001550C6560062C139 /* IGSA.cpp */ = {isa = PBXFileReference; fileEncoding = 4; lastKnownFileType = sourcecode.cpp.cpp; path = IGSA.cpp; sourceTree = "<group>"; };
		227B51051550C7F40062C139 /* IGSt.h */ = {isa = PBXFileReference; fileEncoding = 4; lastKnownFileType = sourcecode.c.h; path = IGSt.h; sourceTree = "<group>"; };
		227B51061550C7F40062C139 /* IGSt.cpp */ = {isa = PBXFileReference; fileEncoding = 4; lastKnownFileType = sourcecode.cpp.cpp; path = IGSt.cpp; sourceTree = "<group>"; };
		227B510D1550C8EA0062C139 /* IPge.h */ = {isa = PBXFileReference; fileEncoding = 4; lastKnownFileType = sourcecode.c.h; path = IPge.h; sourceTree = "<group>"; };
		227B510E1550C8EA0062C139 /* IPge.cpp */ = {isa = PBXFileReference; fileEncoding = 4; lastKnownFileType = sourcecode.cpp.cpp; path = IPge.cpp; sourceTree = "<group>"; };
		227B51131550CA9F0062C139 /* Keyl.h */ = {isa = PBXFileReference; fileEncoding = 4; lastKnownFileType = sourcecode.c.h; path = Keyl.h; sourceTree = "<group>"; };
		227B51141550CA9F0062C139 /* Keyl.cpp */ = {isa = PBXFileReference; fileEncoding = 4; lastKnownFileType = sourcecode.cpp.cpp; path = Keyl.cpp; sourceTree = "<group>"; };
		227B51191550CBF80062C139 /* M3GA.h */ = {isa = PBXFileReference; fileEncoding = 4; lastKnownFileType = sourcecode.c.h; path = M3GA.h; sourceTree = "<group>"; };
		227B511A1550CBF80062C139 /* M3GA.cpp */ = {isa = PBXFileReference; fileEncoding = 4; lastKnownFileType = sourcecode.cpp.cpp; path = M3GA.cpp; sourceTree = "<group>"; };
		227B511F1550CCA70062C139 /* M3GM.h */ = {isa = PBXFileReference; fileEncoding = 4; lastKnownFileType = sourcecode.c.h; path = M3GM.h; sourceTree = "<group>"; };
		227B51201550CCA70062C139 /* M3GM.cpp */ = {isa = PBXFileReference; fileEncoding = 4; lastKnownFileType = sourcecode.cpp.cpp; path = M3GM.cpp; sourceTree = "<group>"; };
		227B51251550CD3F0062C139 /* Mtrl.h */ = {isa = PBXFileReference; fileEncoding = 4; lastKnownFileType = sourcecode.c.h; path = Mtrl.h; sourceTree = "<group>"; };
		227B51261550CD3F0062C139 /* Mtrl.cpp */ = {isa = PBXFileReference; fileEncoding = 4; lastKnownFileType = sourcecode.cpp.cpp; path = Mtrl.cpp; sourceTree = "<group>"; };
		8DD76F6C0486A84900D96B5E /* OniLevelTool */ = {isa = PBXFileReference; explicitFileType = "compiled.mach-o.executable"; includeInIndex = 0; path = OniLevelTool; sourceTree = BUILT_PRODUCTS_DIR; };
		C6859E8B029090EE04C91782 /* OniLevelTool.1 */ = {isa = PBXFileReference; lastKnownFileType = text.man; path = OniLevelTool.1; sourceTree = "<group>"; };
/* End PBXFileReference section */

/* Begin PBXFrameworksBuildPhase section */
		8DD76F660486A84900D96B5E /* Frameworks */ = {
			isa = PBXFrameworksBuildPhase;
			buildActionMask = 2147483647;
			files = (
			);
			runOnlyForDeploymentPostprocessing = 0;
		};
/* End PBXFrameworksBuildPhase section */

/* Begin PBXGroup section */
		08FB7794FE84155DC02AAC07 /* OniLevelTool */ = {
			isa = PBXGroup;
			children = (
				08FB7795FE84155DC02AAC07 /* Source */,
				C6859E8C029090F304C91782 /* Documentation */,
				1AB674ADFE9D54B511CA2CBB /* Products */,
			);
			name = OniLevelTool;
			sourceTree = "<group>";
		};
		08FB7795FE84155DC02AAC07 /* Source */ = {
			isa = PBXGroup;
			children = (
				227B502215508DBD0062C139 /* Tags */,
				227B4A53154EE5640062C139 /* Components */,
				227B485C154E150B0062C139 /* Level Code */,
				08FB7796FE84155DC02AAC07 /* main.cpp */,
				227B48E8154E1DC10062C139 /* headers.h */,
			);
			name = Source;
			sourceTree = "<group>";
		};
		1AB674ADFE9D54B511CA2CBB /* Products */ = {
			isa = PBXGroup;
			children = (
				8DD76F6C0486A84900D96B5E /* OniLevelTool */,
			);
			name = Products;
			sourceTree = "<group>";
		};
		227B485C154E150B0062C139 /* Level Code */ = {
			isa = PBXGroup;
			children = (
				227B48C1154E1B200062C139 /* Level.h */,
				227B48C2154E1B200062C139 /* Level.cpp */,
				227B48CF154E1D0E0062C139 /* OniInstance.h */,
				227B48D0154E1D0E0062C139 /* OniInstance.cpp */,
				227B48D2154E1D1C0062C139 /* OniName.h */,
				227B48D3154E1D1C0062C139 /* OniName.cpp */,
				227B48D5154E1D260062C139 /* OniTemplate.h */,
				227B48D6154E1D260062C139 /* OniTemplate.cpp */,
			);
			name = "Level Code";
			sourceTree = "<group>";
		};
		227B4A53154EE5640062C139 /* Components */ = {
			isa = PBXGroup;
			children = (
				227B4A50154EE55E0062C139 /* OniTag.h */,
				227B4A51154EE55E0062C139 /* OniTag.cpp */,
			);
			name = Components;
			sourceTree = "<group>";
		};
		227B502215508DBD0062C139 /* Tags */ = {
			isa = PBXGroup;
			children = (
				227B50DA1550B7540062C139 /* Tags.h */,
				227B502615508E060062C139 /* OniTM.h */,
				227B502715508E060062C139 /* OniTM.cpp */,
				227B502315508DF10062C139 /* ABNA.h */,
				227B502415508DF10062C139 /* ABNA.cpp */,
				227B5053155090CD0062C139 /* AGQC.h */,
				227B5054155090CD0062C139 /* AGQC.cpp */,
				227B505E155094720062C139 /* AGQG.h */,
				227B505F155094720062C139 /* AGQG.cpp */,
				227B506B155096160062C139 /* AGQR.h */,
				227B506C155096160062C139 /* AGQR.cpp */,
				227B50711550979C0062C139 /* AISA.h */,
				227B50721550979C0062C139 /* AISA.cpp */,
				227B50771550A23A0062C139 /* AKAA.h */,
				227B50781550A23A0062C139 /* AKAA.cpp */,
				227B507C1550A2E40062C139 /* AKBA.h */,
				227B507D1550A2E40062C139 /* AKBA.cpp */,
				227B50801550A7B10062C139 /* AKBP.h */,
				227B50811550A7B10062C139 /* AKBP.cpp */,
				227B50841550A8250062C139 /* AKEV.h */,
				227B50851550A8250062C139 /* AKEV.cpp */,
				227B508A1550A9360062C139 /* AKOT.h */,
				227B508B1550A9360062C139 /* AKOT.cpp */,
				227B50901550AA760062C139 /* AKVA.h */,
				227B50911550AA760062C139 /* AKVA.cpp */,
				227B50941550AD610062C139 /* BINA.h */,
				227B50951550AD610062C139 /* BINA.cpp */,
				227B50981550ADDF0062C139 /* CBPI.h */,
				227B50991550ADDF0062C139 /* CBPI.cpp */,
				227B50A51550AED00062C139 /* CBPM.h */,
				227B50A61550AED00062C139 /* CBPM.cpp */,
				227B50AC1550AFBC0062C139 /* CONS.h */,
				227B50AD1550AFBC0062C139 /* CONS.cpp */,
				227B50B61550B13D0062C139 /* CRSA.h */,
				227B50B71550B13D0062C139 /* CRSA.cpp */,
				227B50BC1550B2EE0062C139 /* DOOR.h */,
				227B50BD1550B2EE0062C139 /* DOOR.cpp */,
				227B50C01550B3AE0062C139 /* DPge.h */,
				227B50C11550B3AE0062C139 /* DPge.cpp */,
				227B50C71550B4520062C139 /* ENVP.h */,
				227B50C81550B4520062C139 /* ENVP.cpp */,
				227B50CD1550B5730062C139 /* FILM.h */,
				227B50CE1550B5730062C139 /* FILM.cpp */,
				227B50D31550B6650062C139 /* HPge.h */,
				227B50D41550B6650062C139 /* HPge.cpp */,
				227B50E31550BF8C0062C139 /* IGHH.h */,
				227B50E41550BF8C0062C139 /* IGHH.cpp */,
				227B50F31550C4C00062C139 /* IGPA.h */,
				227B50F41550C4C00062C139 /* IGPA.cpp */,
				227B50F91550C5320062C139 /* IGPG.h */,
				227B50FA1550C5320062C139 /* IGPG.cpp */,
				227B50FF1550C6560062C139 /* IGSA.h */,
				227B51001550C6560062C139 /* IGSA.cpp */,
				227B51051550C7F40062C139 /* IGSt.h */,
				227B51061550C7F40062C139 /* IGSt.cpp */,
				227B50E71550C1400062C139 /* Impt.h */,
				227B50E81550C1400062C139 /* Impt.cpp */,
				227B510D1550C8EA0062C139 /* IPge.h */,
				227B510E1550C8EA0062C139 /* IPge.cpp */,
				227B51131550CA9F0062C139 /* Keyl.h */,
				227B51141550CA9F0062C139 /* Keyl.cpp */,
				227B51191550CBF80062C139 /* M3GA.h */,
				227B511A1550CBF80062C139 /* M3GA.cpp */,
				227B511F1550CCA70062C139 /* M3GM.h */,
				227B51201550CCA70062C139 /* M3GM.cpp */,
				227B51251550CD3F0062C139 /* Mtrl.h */,
				227B51261550CD3F0062C139 /* Mtrl.cpp */,
			);
			name = Tags;
			path = Oni/Resources/Tags;
			sourceTree = "<group>";
		};
		C6859E8C029090F304C91782 /* Documentation */ = {
			isa = PBXGroup;
			children = (
				C6859E8B029090EE04C91782 /* OniLevelTool.1 */,
			);
			name = Documentation;
			sourceTree = "<group>";
		};
/* End PBXGroup section */

/* Begin PBXNativeTarget section */
		8DD76F620486A84900D96B5E /* OniLevelTool */ = {
			isa = PBXNativeTarget;
			buildConfigurationList = 1DEB923108733DC60010E9CD /* Build configuration list for PBXNativeTarget "OniLevelTool" */;
			buildPhases = (
				8DD76F640486A84900D96B5E /* Sources */,
				8DD76F660486A84900D96B5E /* Frameworks */,
				8DD76F690486A84900D96B5E /* CopyFiles */,
			);
			buildRules = (
			);
			dependencies = (
			);
			name = OniLevelTool;
			productInstallPath = "$(HOME)/bin";
			productName = OniLevelTool;
			productReference = 8DD76F6C0486A84900D96B5E /* OniLevelTool */;
			productType = "com.apple.product-type.tool";
		};
/* End PBXNativeTarget section */

/* Begin PBXProject section */
		08FB7793FE84155DC02AAC07 /* Project object */ = {
			isa = PBXProject;
			buildConfigurationList = 1DEB923508733DC60010E9CD /* Build configuration list for PBXProject "OniLevelTool" */;
			compatibilityVersion = "Xcode 3.1";
			developmentRegion = English;
			hasScannedForEncodings = 1;
			knownRegions = (
				English,
				Japanese,
				French,
				German,
			);
			mainGroup = 08FB7794FE84155DC02AAC07 /* OniLevelTool */;
			projectDirPath = "";
			projectRoot = "";
			targets = (
				8DD76F620486A84900D96B5E /* OniLevelTool */,
			);
		};
/* End PBXProject section */

/* Begin PBXSourcesBuildPhase section */
		8DD76F640486A84900D96B5E /* Sources */ = {
			isa = PBXSourcesBuildPhase;
			buildActionMask = 2147483647;
			files = (
				8DD76F650486A84900D96B5E /* main.cpp in Sources */,
				227B48C3154E1B200062C139 /* Level.cpp in Sources */,
				227B48D1154E1D0E0062C139 /* OniInstance.cpp in Sources */,
				227B48D4154E1D1C0062C139 /* OniName.cpp in Sources */,
				227B48D7154E1D260062C139 /* OniTemplate.cpp in Sources */,
				227B4A52154EE55E0062C139 /* OniTag.cpp in Sources */,
				227B502515508DF10062C139 /* ABNA.cpp in Sources */,
				227B502815508E060062C139 /* OniTM.cpp in Sources */,
				227B5055155090CD0062C139 /* AGQC.cpp in Sources */,
				227B5060155094720062C139 /* AGQG.cpp in Sources */,
				227B506D155096160062C139 /* AGQR.cpp in Sources */,
				227B50731550979C0062C139 /* AISA.cpp in Sources */,
				227B50791550A23A0062C139 /* AKAA.cpp in Sources */,
				227B507E1550A2E40062C139 /* AKBA.cpp in Sources */,
				227B50821550A7B10062C139 /* AKBP.cpp in Sources */,
				227B50861550A8250062C139 /* AKEV.cpp in Sources */,
				227B508C1550A9360062C139 /* AKOT.cpp in Sources */,
				227B50921550AA760062C139 /* AKVA.cpp in Sources */,
				227B50961550AD610062C139 /* BINA.cpp in Sources */,
				227B509A1550ADDF0062C139 /* CBPI.cpp in Sources */,
				227B50A71550AED00062C139 /* CBPM.cpp in Sources */,
				227B50AE1550AFBC0062C139 /* CONS.cpp in Sources */,
				227B50B81550B13D0062C139 /* CRSA.cpp in Sources */,
				227B50BE1550B2EE0062C139 /* DOOR.cpp in Sources */,
				227B50C21550B3AE0062C139 /* DPge.cpp in Sources */,
				227B50C91550B4520062C139 /* ENVP.cpp in Sources */,
				227B50CF1550B5730062C139 /* FILM.cpp in Sources */,
				227B50D51550B6650062C139 /* HPge.cpp in Sources */,
				227B50E51550BF8C0062C139 /* IGHH.cpp in Sources */,
				227B50E91550C1400062C139 /* Impt.cpp in Sources */,
				227B50F51550C4C00062C139 /* IGPA.cpp in Sources */,
				227B50FB1550C5320062C139 /* IGPG.cpp in Sources */,
				227B51011550C6560062C139 /* IGSA.cpp in Sources */,
				227B51071550C7F40062C139 /* IGSt.cpp in Sources */,
				227B510F1550C8EA0062C139 /* IPge.cpp in Sources */,
				227B51151550CA9F0062C139 /* Keyl.cpp in Sources */,
				227B511B1550CBF80062C139 /* M3GA.cpp in Sources */,
				227B51211550CCA70062C139 /* M3GM.cpp in Sources */,
				227B51271550CD3F0062C139 /* Mtrl.cpp in Sources */,
			);
			runOnlyForDeploymentPostprocessing = 0;
		};
/* End PBXSourcesBuildPhase section */

/* Begin XCBuildConfiguration section */
		1DEB923208733DC60010E9CD /* Debug */ = {
			isa = XCBuildConfiguration;
			buildSettings = {
				ALWAYS_SEARCH_USER_PATHS = NO;
				COPY_PHASE_STRIP = NO;
				GCC_DYNAMIC_NO_PIC = NO;
				GCC_ENABLE_FIX_AND_CONTINUE = YES;
				GCC_MODEL_TUNING = G5;
				GCC_OPTIMIZATION_LEVEL = 0;
				INSTALL_PATH = /usr/local/bin;
				PRODUCT_NAME = OniLevelTool;
			};
			name = Debug;
		};
		1DEB923308733DC60010E9CD /* Release */ = {
			isa = XCBuildConfiguration;
			buildSettings = {
				ALWAYS_SEARCH_USER_PATHS = NO;
				DEBUG_INFORMATION_FORMAT = "dwarf-with-dsym";
				GCC_MODEL_TUNING = G5;
				INSTALL_PATH = /usr/local/bin;
				PRODUCT_NAME = OniLevelTool;
			};
			name = Release;
		};
		1DEB923608733DC60010E9CD /* Debug */ = {
			isa = XCBuildConfiguration;
			buildSettings = {
				ARCHS = "$(ARCHS_STANDARD_32_64_BIT)";
				GCC_C_LANGUAGE_STANDARD = gnu99;
				GCC_OPTIMIZATION_LEVEL = 0;
				GCC_VERSION = com.apple.compilers.llvm.clang.1_0;
				GCC_WARN_ABOUT_RETURN_TYPE = YES;
				GCC_WARN_UNUSED_VARIABLE = YES;
				ONLY_ACTIVE_ARCH = YES;
				PREBINDING = NO;
				SDKROOT = macosx10.6;
			};
			name = Debug;
		};
		1DEB923708733DC60010E9CD /* Release */ = {
			isa = XCBuildConfiguration;
			buildSettings = {
				ARCHS = "$(ARCHS_STANDARD_32_64_BIT)";
				GCC_C_LANGUAGE_STANDARD = gnu99;
				GCC_WARN_ABOUT_RETURN_TYPE = YES;
				GCC_WARN_UNUSED_VARIABLE = YES;
				PREBINDING = NO;
				SDKROOT = macosx10.6;
			};
			name = Release;
		};
/* End XCBuildConfiguration section */

/* Begin XCConfigurationList section */
		1DEB923108733DC60010E9CD /* Build configuration list for PBXNativeTarget "OniLevelTool" */ = {
			isa = XCConfigurationList;
			buildConfigurations = (
				1DEB923208733DC60010E9CD /* Debug */,
				1DEB923308733DC60010E9CD /* Release */,
			);
			defaultConfigurationIsVisible = 0;
			defaultConfigurationName = Release;
		};
		1DEB923508733DC60010E9CD /* Build configuration list for PBXProject "OniLevelTool" */ = {
			isa = XCConfigurationList;
			buildConfigurations = (
				1DEB923608733DC60010E9CD /* Debug */,
				1DEB923708733DC60010E9CD /* Release */,
			);
			defaultConfigurationIsVisible = 0;
			defaultConfigurationName = Release;
		};
/* End XCConfigurationList section */
	};
	rootObject = 08FB7793FE84155DC02AAC07 /* Project object */;
}
