// !$*UTF8*$!
{
	archiveVersion = 1;
	classes = {
	};
	objectVersion = 46;
	objects = {

/* Begin PBXBuildFile section */
		2247A60E1809A51700CDFB3C /* main.c in Sources */ = {isa = PBXBuildFile; fileRef = 2247A60D1809A51700CDFB3C /* main.c */; };
		2247A6101809A51700CDFB3C /* OniLevelTool.1 in CopyFiles */ = {isa = PBXBuildFile; fileRef = 2247A60F1809A51700CDFB3C /* OniLevelTool.1 */; };
		2247A6181809A56300CDFB3C /* OLTLevel.c in Sources */ = {isa = PBXBuildFile; fileRef = 2247A6171809A56300CDFB3C /* OLTLevel.c */; };
		2247A61D1809B83300CDFB3C /* OLTInstance.c in Sources */ = {isa = PBXBuildFile; fileRef = 2247A61C1809B83300CDFB3C /* OLTInstance.c */; };
		2247A6201809BA0900CDFB3C /* OLTTemplate.c in Sources */ = {isa = PBXBuildFile; fileRef = 2247A61F1809BA0900CDFB3C /* OLTTemplate.c */; };
		2247A6281809F36200CDFB3C /* OLTPlugin.c in Sources */ = {isa = PBXBuildFile; fileRef = 2247A6271809F36200CDFB3C /* OLTPlugin.c */; };
		2247A62E180A046500CDFB3C /* libxml2.dylib in Frameworks */ = {isa = PBXBuildFile; fileRef = 2247A62D180A046500CDFB3C /* libxml2.dylib */; };
/* End PBXBuildFile section */

/* Begin PBXCopyFilesBuildPhase section */
		2247A6081809A51700CDFB3C /* CopyFiles */ = {
			isa = PBXCopyFilesBuildPhase;
			buildActionMask = 2147483647;
			dstPath = /usr/share/man/man1/;
			dstSubfolderSpec = 0;
			files = (
				2247A6101809A51700CDFB3C /* OniLevelTool.1 in CopyFiles */,
			);
			runOnlyForDeploymentPostprocessing = 1;
		};
/* End PBXCopyFilesBuildPhase section */

/* Begin PBXFileReference section */
		2247A60A1809A51700CDFB3C /* OniLevelTool */ = {isa = PBXFileReference; explicitFileType = "compiled.mach-o.executable"; includeInIndex = 0; path = OniLevelTool; sourceTree = BUILT_PRODUCTS_DIR; };
		2247A60D1809A51700CDFB3C /* main.c */ = {isa = PBXFileReference; lastKnownFileType = sourcecode.c.c; path = main.c; sourceTree = "<group>"; };
		2247A60F1809A51700CDFB3C /* OniLevelTool.1 */ = {isa = PBXFileReference; lastKnownFileType = text.man; path = OniLevelTool.1; sourceTree = "<group>"; };
		2247A6171809A56300CDFB3C /* OLTLevel.c */ = {isa = PBXFileReference; fileEncoding = 4; lastKnownFileType = sourcecode.c.c; path = OLTLevel.c; sourceTree = "<group>"; };
		2247A6191809A56E00CDFB3C /* OLTLevel.h */ = {isa = PBXFileReference; lastKnownFileType = sourcecode.c.h; path = OLTLevel.h; sourceTree = "<group>"; };
		2247A61A1809A60E00CDFB3C /* OLTTypes.h */ = {isa = PBXFileReference; lastKnownFileType = sourcecode.c.h; path = OLTTypes.h; sourceTree = "<group>"; };
		2247A61B1809B80B00CDFB3C /* OLTInstance.h */ = {isa = PBXFileReference; lastKnownFileType = sourcecode.c.h; path = OLTInstance.h; sourceTree = "<group>"; };
		2247A61C1809B83300CDFB3C /* OLTInstance.c */ = {isa = PBXFileReference; fileEncoding = 4; lastKnownFileType = sourcecode.c.c; path = OLTInstance.c; sourceTree = "<group>"; };
		2247A61E1809B93C00CDFB3C /* OLTTemplate.h */ = {isa = PBXFileReference; lastKnownFileType = sourcecode.c.h; path = OLTTemplate.h; sourceTree = "<group>"; };
		2247A61F1809BA0900CDFB3C /* OLTTemplate.c */ = {isa = PBXFileReference; fileEncoding = 4; lastKnownFileType = sourcecode.c.c; path = OLTTemplate.c; sourceTree = "<group>"; };
		2247A6211809BB4A00CDFB3C /* SDMPrint.h */ = {isa = PBXFileReference; lastKnownFileType = sourcecode.c.h; path = SDMPrint.h; sourceTree = "<group>"; };
		2247A6251809E67900CDFB3C /* ABNA.otag */ = {isa = PBXFileReference; fileEncoding = 4; lastKnownFileType = text; name = ABNA.otag; path = Plugins/ABNA.otag; sourceTree = SOURCE_ROOT; };
		2247A6261809F34C00CDFB3C /* OLTPlugin.h */ = {isa = PBXFileReference; lastKnownFileType = sourcecode.c.h; path = OLTPlugin.h; sourceTree = "<group>"; };
		2247A6271809F36200CDFB3C /* OLTPlugin.c */ = {isa = PBXFileReference; fileEncoding = 4; lastKnownFileType = sourcecode.c.c; path = OLTPlugin.c; sourceTree = "<group>"; };
		2247A6291809FB9F00CDFB3C /* AGQC.otag */ = {isa = PBXFileReference; fileEncoding = 4; lastKnownFileType = text; name = AGQC.otag; path = Plugins/AGQC.otag; sourceTree = SOURCE_ROOT; };
		2247A62A180A006600CDFB3C /* AGQG.otag */ = {isa = PBXFileReference; fileEncoding = 4; lastKnownFileType = text; name = AGQG.otag; path = Plugins/AGQG.otag; sourceTree = SOURCE_ROOT; };
		2247A62C180A01B000CDFB3C /* AGQR.otag */ = {isa = PBXFileReference; fileEncoding = 4; lastKnownFileType = text; name = AGQR.otag; path = Plugins/AGQR.otag; sourceTree = SOURCE_ROOT; };
		2247A62D180A046500CDFB3C /* libxml2.dylib */ = {isa = PBXFileReference; lastKnownFileType = "compiled.mach-o.dylib"; name = libxml2.dylib; path = usr/lib/libxml2.dylib; sourceTree = SDKROOT; };
		2247A62F180AFDF800CDFB3C /* AISA.otag */ = {isa = PBXFileReference; fileEncoding = 4; lastKnownFileType = text; name = AISA.otag; path = Plugins/AISA.otag; sourceTree = SOURCE_ROOT; };
		2247A630180B055900CDFB3C /* AITR.otag */ = {isa = PBXFileReference; fileEncoding = 4; lastKnownFileType = text; name = AITR.otag; path = Plugins/AITR.otag; sourceTree = SOURCE_ROOT; };
		2247A631180B073F00CDFB3C /* AKAA.otag */ = {isa = PBXFileReference; fileEncoding = 4; lastKnownFileType = text; name = AKAA.otag; path = Plugins/AKAA.otag; sourceTree = SOURCE_ROOT; };
		2247A632180B082D00CDFB3C /* AKBA.otag */ = {isa = PBXFileReference; fileEncoding = 4; lastKnownFileType = text; name = AKBA.otag; path = Plugins/AKBA.otag; sourceTree = SOURCE_ROOT; };
		2247A633180B099400CDFB3C /* AKBP.otag */ = {isa = PBXFileReference; fileEncoding = 4; lastKnownFileType = text; name = AKBP.otag; path = Plugins/AKBP.otag; sourceTree = SOURCE_ROOT; };
		2247A634180B0BE900CDFB3C /* AKDA.otag */ = {isa = PBXFileReference; fileEncoding = 4; lastKnownFileType = text; name = AKDA.otag; path = Plugins/AKDA.otag; sourceTree = SOURCE_ROOT; };
		2247A635180B104200CDFB3C /* AKEV.otag */ = {isa = PBXFileReference; fileEncoding = 4; lastKnownFileType = text; name = AKEV.otag; path = Plugins/AKEV.otag; sourceTree = SOURCE_ROOT; };
		2247A636180B120200CDFB3C /* AKOT.otag */ = {isa = PBXFileReference; fileEncoding = 4; lastKnownFileType = text; name = AKOT.otag; path = Plugins/AKOT.otag; sourceTree = SOURCE_ROOT; };
/* End PBXFileReference section */

/* Begin PBXFrameworksBuildPhase section */
		2247A6071809A51700CDFB3C /* Frameworks */ = {
			isa = PBXFrameworksBuildPhase;
			buildActionMask = 2147483647;
			files = (
				2247A62E180A046500CDFB3C /* libxml2.dylib in Frameworks */,
			);
			runOnlyForDeploymentPostprocessing = 0;
		};
/* End PBXFrameworksBuildPhase section */

/* Begin PBXGroup section */
		2247A6011809A51700CDFB3C = {
			isa = PBXGroup;
			children = (
				2247A62D180A046500CDFB3C /* libxml2.dylib */,
				2247A60C1809A51700CDFB3C /* OniLevelTool */,
				2247A60B1809A51700CDFB3C /* Products */,
			);
			sourceTree = "<group>";
		};
		2247A60B1809A51700CDFB3C /* Products */ = {
			isa = PBXGroup;
			children = (
				2247A60A1809A51700CDFB3C /* OniLevelTool */,
			);
			name = Products;
			sourceTree = "<group>";
		};
		2247A60C1809A51700CDFB3C /* OniLevelTool */ = {
			isa = PBXGroup;
			children = (
				2247A6211809BB4A00CDFB3C /* SDMPrint.h */,
				2247A6221809DF4000CDFB3C /* Plugins */,
				2247A6161809A52600CDFB3C /* Source */,
				2247A60D1809A51700CDFB3C /* main.c */,
				2247A60F1809A51700CDFB3C /* OniLevelTool.1 */,
			);
			path = OniLevelTool;
			sourceTree = "<group>";
		};
		2247A6161809A52600CDFB3C /* Source */ = {
			isa = PBXGroup;
			children = (
				2247A61A1809A60E00CDFB3C /* OLTTypes.h */,
				2247A6191809A56E00CDFB3C /* OLTLevel.h */,
				2247A6171809A56300CDFB3C /* OLTLevel.c */,
				2247A61B1809B80B00CDFB3C /* OLTInstance.h */,
				2247A61C1809B83300CDFB3C /* OLTInstance.c */,
				2247A61E1809B93C00CDFB3C /* OLTTemplate.h */,
				2247A61F1809BA0900CDFB3C /* OLTTemplate.c */,
				2247A6261809F34C00CDFB3C /* OLTPlugin.h */,
				2247A6271809F36200CDFB3C /* OLTPlugin.c */,
			);
			name = Source;
			sourceTree = "<group>";
		};
		2247A6221809DF4000CDFB3C /* Plugins */ = {
			isa = PBXGroup;
			children = (
				2247A6251809E67900CDFB3C /* ABNA.otag */,
				2247A6291809FB9F00CDFB3C /* AGQC.otag */,
				2247A62A180A006600CDFB3C /* AGQG.otag */,
				2247A62C180A01B000CDFB3C /* AGQR.otag */,
				2247A62F180AFDF800CDFB3C /* AISA.otag */,
				2247A630180B055900CDFB3C /* AITR.otag */,
				2247A631180B073F00CDFB3C /* AKAA.otag */,
				2247A632180B082D00CDFB3C /* AKBA.otag */,
				2247A633180B099400CDFB3C /* AKBP.otag */,
				2247A634180B0BE900CDFB3C /* AKDA.otag */,
				2247A635180B104200CDFB3C /* AKEV.otag */,
				2247A636180B120200CDFB3C /* AKOT.otag */,
			);
			name = Plugins;
			sourceTree = "<group>";
		};
/* End PBXGroup section */

/* Begin PBXNativeTarget section */
		2247A6091809A51700CDFB3C /* OniLevelTool */ = {
			isa = PBXNativeTarget;
			buildConfigurationList = 2247A6131809A51700CDFB3C /* Build configuration list for PBXNativeTarget "OniLevelTool" */;
			buildPhases = (
				2247A6061809A51700CDFB3C /* Sources */,
				2247A6071809A51700CDFB3C /* Frameworks */,
				2247A6081809A51700CDFB3C /* CopyFiles */,
			);
			buildRules = (
			);
			dependencies = (
			);
			name = OniLevelTool;
			productName = OniLevelTool;
			productReference = 2247A60A1809A51700CDFB3C /* OniLevelTool */;
			productType = "com.apple.product-type.tool";
		};
/* End PBXNativeTarget section */

/* Begin PBXProject section */
		2247A6021809A51700CDFB3C /* Project object */ = {
			isa = PBXProject;
			attributes = {
				LastUpgradeCheck = 0500;
				ORGANIZATIONNAME = "Sam Marshall";
			};
			buildConfigurationList = 2247A6051809A51700CDFB3C /* Build configuration list for PBXProject "OniLevelTool" */;
			compatibilityVersion = "Xcode 3.2";
			developmentRegion = English;
			hasScannedForEncodings = 0;
			knownRegions = (
				en,
			);
			mainGroup = 2247A6011809A51700CDFB3C;
			productRefGroup = 2247A60B1809A51700CDFB3C /* Products */;
			projectDirPath = "";
			projectRoot = "";
			targets = (
				2247A6091809A51700CDFB3C /* OniLevelTool */,
			);
		};
/* End PBXProject section */

/* Begin PBXSourcesBuildPhase section */
		2247A6061809A51700CDFB3C /* Sources */ = {
			isa = PBXSourcesBuildPhase;
			buildActionMask = 2147483647;
			files = (
				2247A6181809A56300CDFB3C /* OLTLevel.c in Sources */,
				2247A6201809BA0900CDFB3C /* OLTTemplate.c in Sources */,
				2247A6281809F36200CDFB3C /* OLTPlugin.c in Sources */,
				2247A61D1809B83300CDFB3C /* OLTInstance.c in Sources */,
				2247A60E1809A51700CDFB3C /* main.c in Sources */,
			);
			runOnlyForDeploymentPostprocessing = 0;
		};
/* End PBXSourcesBuildPhase section */

/* Begin XCBuildConfiguration section */
		2247A6111809A51700CDFB3C /* Debug */ = {
			isa = XCBuildConfiguration;
			buildSettings = {
				ALWAYS_SEARCH_USER_PATHS = NO;
				CLANG_CXX_LANGUAGE_STANDARD = "compiler-default";
				CLANG_CXX_LIBRARY = "compiler-default";
				CLANG_ENABLE_OBJC_ARC = YES;
				CLANG_WARN_BOOL_CONVERSION = YES;
				CLANG_WARN_CONSTANT_CONVERSION = YES;
				CLANG_WARN_DIRECT_OBJC_ISA_USAGE = YES_ERROR;
				CLANG_WARN_EMPTY_BODY = YES;
				CLANG_WARN_ENUM_CONVERSION = YES;
				CLANG_WARN_INT_CONVERSION = YES;
				CLANG_WARN_OBJC_ROOT_CLASS = YES_ERROR;
				CLANG_WARN__DUPLICATE_METHOD_MATCH = YES;
				CODE_SIGN_IDENTITY = "Developer ID Application";
				COPY_PHASE_STRIP = NO;
				GCC_C_LANGUAGE_STANDARD = "compiler-default";
				GCC_DYNAMIC_NO_PIC = NO;
				GCC_ENABLE_OBJC_EXCEPTIONS = YES;
				GCC_OPTIMIZATION_LEVEL = 0;
				GCC_PREPROCESSOR_DEFINITIONS = (
					"DEBUG=1",
					"$(inherited)",
				);
				GCC_SYMBOLS_PRIVATE_EXTERN = NO;
				GCC_WARN_64_TO_32_BIT_CONVERSION = YES;
				GCC_WARN_ABOUT_RETURN_TYPE = YES_ERROR;
				GCC_WARN_UNDECLARED_SELECTOR = YES;
				GCC_WARN_UNINITIALIZED_AUTOS = YES;
				GCC_WARN_UNUSED_FUNCTION = YES;
				GCC_WARN_UNUSED_VARIABLE = YES;
				HEADER_SEARCH_PATHS = (
					"$(inherited)",
					/Applications/Xcode.app/Contents/Developer/Toolchains/XcodeDefault.xctoolchain/usr/include,
					/usr/include/libxml2,
				);
				MACOSX_DEPLOYMENT_TARGET = 10.8;
				ONLY_ACTIVE_ARCH = NO;
				SDKROOT = macosx10.8;
			};
			name = Debug;
		};
		2247A6121809A51700CDFB3C /* Release */ = {
			isa = XCBuildConfiguration;
			buildSettings = {
				ALWAYS_SEARCH_USER_PATHS = NO;
				CLANG_CXX_LANGUAGE_STANDARD = "compiler-default";
				CLANG_CXX_LIBRARY = "compiler-default";
				CLANG_ENABLE_OBJC_ARC = YES;
				CLANG_WARN_BOOL_CONVERSION = YES;
				CLANG_WARN_CONSTANT_CONVERSION = YES;
				CLANG_WARN_DIRECT_OBJC_ISA_USAGE = YES_ERROR;
				CLANG_WARN_EMPTY_BODY = YES;
				CLANG_WARN_ENUM_CONVERSION = YES;
				CLANG_WARN_INT_CONVERSION = YES;
				CLANG_WARN_OBJC_ROOT_CLASS = YES_ERROR;
				CLANG_WARN__DUPLICATE_METHOD_MATCH = YES;
				CODE_SIGN_IDENTITY = "Developer ID Application";
				COPY_PHASE_STRIP = YES;
				DEBUG_INFORMATION_FORMAT = "dwarf-with-dsym";
				ENABLE_NS_ASSERTIONS = NO;
				GCC_C_LANGUAGE_STANDARD = "compiler-default";
				GCC_ENABLE_OBJC_EXCEPTIONS = YES;
				GCC_WARN_64_TO_32_BIT_CONVERSION = YES;
				GCC_WARN_ABOUT_RETURN_TYPE = YES_ERROR;
				GCC_WARN_UNDECLARED_SELECTOR = YES;
				GCC_WARN_UNINITIALIZED_AUTOS = YES;
				GCC_WARN_UNUSED_FUNCTION = YES;
				GCC_WARN_UNUSED_VARIABLE = YES;
				HEADER_SEARCH_PATHS = (
					"$(inherited)",
					/Applications/Xcode.app/Contents/Developer/Toolchains/XcodeDefault.xctoolchain/usr/include,
					/usr/include/libxml2,
				);
				MACOSX_DEPLOYMENT_TARGET = 10.8;
				ONLY_ACTIVE_ARCH = NO;
				SDKROOT = macosx10.8;
			};
			name = Release;
		};
		2247A6141809A51700CDFB3C /* Debug */ = {
			isa = XCBuildConfiguration;
			buildSettings = {
				PRODUCT_NAME = "$(TARGET_NAME)";
			};
			name = Debug;
		};
		2247A6151809A51700CDFB3C /* Release */ = {
			isa = XCBuildConfiguration;
			buildSettings = {
				PRODUCT_NAME = "$(TARGET_NAME)";
			};
			name = Release;
		};
/* End XCBuildConfiguration section */

/* Begin XCConfigurationList section */
		2247A6051809A51700CDFB3C /* Build configuration list for PBXProject "OniLevelTool" */ = {
			isa = XCConfigurationList;
			buildConfigurations = (
				2247A6111809A51700CDFB3C /* Debug */,
				2247A6121809A51700CDFB3C /* Release */,
			);
			defaultConfigurationIsVisible = 0;
			defaultConfigurationName = Release;
		};
		2247A6131809A51700CDFB3C /* Build configuration list for PBXNativeTarget "OniLevelTool" */ = {
			isa = XCConfigurationList;
			buildConfigurations = (
				2247A6141809A51700CDFB3C /* Debug */,
				2247A6151809A51700CDFB3C /* Release */,
			);
			defaultConfigurationIsVisible = 0;
		};
/* End XCConfigurationList section */
	};
	rootObject = 2247A6021809A51700CDFB3C /* Project object */;
}
